
Microsoft Visual Studio Solution File, Format Version 12.00
# Visual Studio Version 16
VisualStudioVersion = 16.0.31605.320
MinimumVisualStudioVersion = 10.0.40219.1
Project("{FAE04EC0-301F-11D3-BF4B-00C04F79EFBC}") = "Project 15 - better calculator", "Project 15 - better calculator\Project 15 - better calculator.csproj", "{EBE67066-4B26-4D31-BB8F-18FF77022DC7}"
EndProject
Global
	GlobalSection(SolutionConfigurationPlatforms) = preSolution
		Debug|Any CPU = Debug|Any CPU
		Release|Any CPU = Release|Any CPU
	EndGlobalSection
	GlobalSection(ProjectConfigurationPlatforms) = postSolution
		{EBE67066-4B26-4D31-BB8F-18FF77022DC7}.Debug|Any CPU.ActiveCfg = Debug|Any CPU
		{EBE67066-4B26-4D31-BB8F-18FF77022DC7}.Debug|Any CPU.Build.0 = Debug|Any CPU
		{EBE67066-4B26-4D31-BB8F-18FF77022DC7}.Release|Any CPU.ActiveCfg = Release|Any CPU
		{EBE67066-4B26-4D31-BB8F-18FF77022DC7}.Release|Any CPU.Build.0 = Release|Any CPU
	EndGlobalSection
	GlobalSection(SolutionProperties) = preSolution
		HideSolutionNode = FALSE
	EndGlobalSection
	GlobalSection(ExtensibilityGlobals) = postSolution
		SolutionGuid = {4C20DF07-44ED-4B5D-8D48-C87061669486}
	EndGlobalSection
EndGlobal
